// !$*UTF8*$!
{
	archiveVersion = 1;
	classes = {
	};
	objectVersion = 56;
	objects = {

/* Begin PBXBuildFile section */
		C74C4F2729BCFC75000872C8 /* SwiftChallengesApp.swift in Sources */ = {isa = PBXBuildFile; fileRef = C74C4F2629BCFC75000872C8 /* SwiftChallengesApp.swift */; };
		C74C4F2929BCFC75000872C8 /* GreatestFilmsView.swift in Sources */ = {isa = PBXBuildFile; fileRef = C74C4F2829BCFC75000872C8 /* GreatestFilmsView.swift */; };
		C74C4F2B29BCFC77000872C8 /* Assets.xcassets in Resources */ = {isa = PBXBuildFile; fileRef = C74C4F2A29BCFC77000872C8 /* Assets.xcassets */; };
		C74C4F2E29BCFC77000872C8 /* Preview Assets.xcassets in Resources */ = {isa = PBXBuildFile; fileRef = C74C4F2D29BCFC77000872C8 /* Preview Assets.xcassets */; };
		C7C3A1D12A00679E00E83E67 /* GreatestFilmsViewModel.swift in Sources */ = {isa = PBXBuildFile; fileRef = C7C3A1D02A00679E00E83E67 /* GreatestFilmsViewModel.swift */; };
		C7C3A1D42A00682D00E83E67 /* SCAPIClient in Frameworks */ = {isa = PBXBuildFile; productRef = C7C3A1D32A00682D00E83E67 /* SCAPIClient */; };
		C7C3A1D62A00682D00E83E67 /* SCDomain in Frameworks */ = {isa = PBXBuildFile; productRef = C7C3A1D52A00682D00E83E67 /* SCDomain */; };
/* End PBXBuildFile section */

/* Begin PBXFileReference section */
		C74C4F2329BCFC75000872C8 /* SwiftChallenges.app */ = {isa = PBXFileReference; explicitFileType = wrapper.application; includeInIndex = 0; path = SwiftChallenges.app; sourceTree = BUILT_PRODUCTS_DIR; };
		C74C4F2629BCFC75000872C8 /* SwiftChallengesApp.swift */ = {isa = PBXFileReference; lastKnownFileType = sourcecode.swift; path = SwiftChallengesApp.swift; sourceTree = "<group>"; };
		C74C4F2829BCFC75000872C8 /* GreatestFilmsView.swift */ = {isa = PBXFileReference; lastKnownFileType = sourcecode.swift; path = GreatestFilmsView.swift; sourceTree = "<group>"; };
		C74C4F2A29BCFC77000872C8 /* Assets.xcassets */ = {isa = PBXFileReference; lastKnownFileType = folder.assetcatalog; path = Assets.xcassets; sourceTree = "<group>"; };
		C74C4F2D29BCFC77000872C8 /* Preview Assets.xcassets */ = {isa = PBXFileReference; lastKnownFileType = folder.assetcatalog; path = "Preview Assets.xcassets"; sourceTree = "<group>"; };
		C74C4F3729BCFE66000872C8 /* SwiftExamplesPlayground.playground */ = {isa = PBXFileReference; lastKnownFileType = file.playground; path = SwiftExamplesPlayground.playground; sourceTree = "<group>"; };
		C7C3A1CD29FFF4C000E83E67 /* SCAPIClient */ = {isa = PBXFileReference; lastKnownFileType = wrapper; path = SCAPIClient; sourceTree = "<group>"; };
		C7C3A1CF2A0063D900E83E67 /* SCDomain */ = {isa = PBXFileReference; lastKnownFileType = wrapper; path = SCDomain; sourceTree = "<group>"; };
		C7C3A1D02A00679E00E83E67 /* GreatestFilmsViewModel.swift */ = {isa = PBXFileReference; lastKnownFileType = sourcecode.swift; path = GreatestFilmsViewModel.swift; sourceTree = "<group>"; };
		C7C3A1D72A00700E00E83E67 /* Info.plist */ = {isa = PBXFileReference; lastKnownFileType = text.plist; path = Info.plist; sourceTree = "<group>"; };
/* End PBXFileReference section */

/* Begin PBXFrameworksBuildPhase section */
		C74C4F2029BCFC75000872C8 /* Frameworks */ = {
			isa = PBXFrameworksBuildPhase;
			buildActionMask = 2147483647;
			files = (
				C7C3A1D62A00682D00E83E67 /* SCDomain in Frameworks */,
				C7C3A1D42A00682D00E83E67 /* SCAPIClient in Frameworks */,
			);
			runOnlyForDeploymentPostprocessing = 0;
		};
/* End PBXFrameworksBuildPhase section */

/* Begin PBXGroup section */
		C74C4F1A29BCFC75000872C8 = {
			isa = PBXGroup;
			children = (
				C7C3A1CF2A0063D900E83E67 /* SCDomain */,
				C7C3A1CD29FFF4C000E83E67 /* SCAPIClient */,
				C74C4F2529BCFC75000872C8 /* SwiftChallenges */,
				C74C4F3629BCFE66000872C8 /* Playgrounds */,
				C74C4F2429BCFC75000872C8 /* Products */,
				C7C3A1D22A00682D00E83E67 /* Frameworks */,
			);
			sourceTree = "<group>";
		};
		C74C4F2429BCFC75000872C8 /* Products */ = {
			isa = PBXGroup;
			children = (
				C74C4F2329BCFC75000872C8 /* SwiftChallenges.app */,
			);
			name = Products;
			sourceTree = "<group>";
		};
		C74C4F2529BCFC75000872C8 /* SwiftChallenges */ = {
			isa = PBXGroup;
			children = (
				C7C3A1D72A00700E00E83E67 /* Info.plist */,
				C7C3A1CE2A00566300E83E67 /* GreatestFilms */,
				C74C4F2629BCFC75000872C8 /* SwiftChallengesApp.swift */,
				C74C4F2A29BCFC77000872C8 /* Assets.xcassets */,
				C74C4F2C29BCFC77000872C8 /* Preview Content */,
			);
			path = SwiftChallenges;
			sourceTree = "<group>";
		};
		C74C4F2C29BCFC77000872C8 /* Preview Content */ = {
			isa = PBXGroup;
			children = (
				C74C4F2D29BCFC77000872C8 /* Preview Assets.xcassets */,
			);
			path = "Preview Content";
			sourceTree = "<group>";
		};
		C74C4F3629BCFE66000872C8 /* Playgrounds */ = {
			isa = PBXGroup;
			children = (
				C74C4F3729BCFE66000872C8 /* SwiftExamplesPlayground.playground */,
			);
			path = Playgrounds;
			sourceTree = "<group>";
		};
		C7C3A1CE2A00566300E83E67 /* GreatestFilms */ = {
			isa = PBXGroup;
			children = (
				C7C3A1D02A00679E00E83E67 /* GreatestFilmsViewModel.swift */,
				C74C4F2829BCFC75000872C8 /* GreatestFilmsView.swift */,
			);
			path = GreatestFilms;
			sourceTree = "<group>";
		};
		C7C3A1D22A00682D00E83E67 /* Frameworks */ = {
			isa = PBXGroup;
			children = (
			);
			name = Frameworks;
			sourceTree = "<group>";
		};
/* End PBXGroup section */

/* Begin PBXNativeTarget section */
		C74C4F2229BCFC75000872C8 /* SwiftChallenges */ = {
			isa = PBXNativeTarget;
			buildConfigurationList = C74C4F3129BCFC77000872C8 /* Build configuration list for PBXNativeTarget "SwiftChallenges" */;
			buildPhases = (
				C74C4F1F29BCFC75000872C8 /* Sources */,
				C74C4F2029BCFC75000872C8 /* Frameworks */,
				C74C4F2129BCFC75000872C8 /* Resources */,
			);
			buildRules = (
			);
			dependencies = (
			);
			name = SwiftChallenges;
			packageProductDependencies = (
				C7C3A1D32A00682D00E83E67 /* SCAPIClient */,
				C7C3A1D52A00682D00E83E67 /* SCDomain */,
			);
			productName = SwiftChallenges;
			productReference = C74C4F2329BCFC75000872C8 /* SwiftChallenges.app */;
			productType = "com.apple.product-type.application";
		};
/* End PBXNativeTarget section */

/* Begin PBXProject section */
		C74C4F1B29BCFC75000872C8 /* Project object */ = {
			isa = PBXProject;
			attributes = {
				BuildIndependentTargetsInParallel = 1;
				LastSwiftUpdateCheck = 1420;
				LastUpgradeCheck = 1420;
				TargetAttributes = {
					C74C4F2229BCFC75000872C8 = {
						CreatedOnToolsVersion = 14.2;
					};
				};
			};
			buildConfigurationList = C74C4F1E29BCFC75000872C8 /* Build configuration list for PBXProject "SwiftChallenges" */;
			compatibilityVersion = "Xcode 14.0";
			developmentRegion = en;
			hasScannedForEncodings = 0;
			knownRegions = (
				en,
				Base,
			);
			mainGroup = C74C4F1A29BCFC75000872C8;
			productRefGroup = C74C4F2429BCFC75000872C8 /* Products */;
			projectDirPath = "";
			projectRoot = "";
			targets = (
				C74C4F2229BCFC75000872C8 /* SwiftChallenges */,
			);
		};
/* End PBXProject section */

/* Begin PBXResourcesBuildPhase section */
		C74C4F2129BCFC75000872C8 /* Resources */ = {
			isa = PBXResourcesBuildPhase;
			buildActionMask = 2147483647;
			files = (
				C74C4F2E29BCFC77000872C8 /* Preview Assets.xcassets in Resources */,
				C74C4F2B29BCFC77000872C8 /* Assets.xcassets in Resources */,
			);
			runOnlyForDeploymentPostprocessing = 0;
		};
/* End PBXResourcesBuildPhase section */

/* Begin PBXSourcesBuildPhase section */
		C74C4F1F29BCFC75000872C8 /* Sources */ = {
			isa = PBXSourcesBuildPhase;
			buildActionMask = 2147483647;
			files = (
				C74C4F2929BCFC75000872C8 /* GreatestFilmsView.swift in Sources */,
				C74C4F2729BCFC75000872C8 /* SwiftChallengesApp.swift in Sources */,
				C7C3A1D12A00679E00E83E67 /* GreatestFilmsViewModel.swift in Sources */,
			);
			runOnlyForDeploymentPostprocessing = 0;
		};
/* End PBXSourcesBuildPhase section */

/* Begin XCBuildConfiguration section */
		C74C4F2F29BCFC77000872C8 /* Debug */ = {
			isa = XCBuildConfiguration;
			buildSettings = {
				ALWAYS_SEARCH_USER_PATHS = NO;
				CLANG_ANALYZER_NONNULL = YES;
				CLANG_ANALYZER_NUMBER_OBJECT_CONVERSION = YES_AGGRESSIVE;
				CLANG_CXX_LANGUAGE_STANDARD = "gnu++20";
				CLANG_ENABLE_MODULES = YES;
				CLANG_ENABLE_OBJC_ARC = YES;
				CLANG_ENABLE_OBJC_WEAK = YES;
				CLANG_WARN_BLOCK_CAPTURE_AUTORELEASING = YES;
				CLANG_WARN_BOOL_CONVERSION = YES;
				CLANG_WARN_COMMA = YES;
				CLANG_WARN_CONSTANT_CONVERSION = YES;
				CLANG_WARN_DEPRECATED_OBJC_IMPLEMENTATIONS = YES;
				CLANG_WARN_DIRECT_OBJC_ISA_USAGE = YES_ERROR;
				CLANG_WARN_DOCUMENTATION_COMMENTS = YES;
				CLANG_WARN_EMPTY_BODY = YES;
				CLANG_WARN_ENUM_CONVERSION = YES;
				CLANG_WARN_INFINITE_RECURSION = YES;
				CLANG_WARN_INT_CONVERSION = YES;
				CLANG_WARN_NON_LITERAL_NULL_CONVERSION = YES;
				CLANG_WARN_OBJC_IMPLICIT_RETAIN_SELF = YES;
				CLANG_WARN_OBJC_LITERAL_CONVERSION = YES;
				CLANG_WARN_OBJC_ROOT_CLASS = YES_ERROR;
				CLANG_WARN_QUOTED_INCLUDE_IN_FRAMEWORK_HEADER = YES;
				CLANG_WARN_RANGE_LOOP_ANALYSIS = YES;
				CLANG_WARN_STRICT_PROTOTYPES = YES;
				CLANG_WARN_SUSPICIOUS_MOVE = YES;
				CLANG_WARN_UNGUARDED_AVAILABILITY = YES_AGGRESSIVE;
				CLANG_WARN_UNREACHABLE_CODE = YES;
				CLANG_WARN__DUPLICATE_METHOD_MATCH = YES;
				COPY_PHASE_STRIP = NO;
				DEBUG_INFORMATION_FORMAT = dwarf;
				ENABLE_STRICT_OBJC_MSGSEND = YES;
				ENABLE_TESTABILITY = YES;
				GCC_C_LANGUAGE_STANDARD = gnu11;
				GCC_DYNAMIC_NO_PIC = NO;
				GCC_NO_COMMON_BLOCKS = YES;
				GCC_OPTIMIZATION_LEVEL = 0;
				GCC_PREPROCESSOR_DEFINITIONS = (
					"DEBUG=1",
					"$(inherited)",
				);
				GCC_WARN_64_TO_32_BIT_CONVERSION = YES;
				GCC_WARN_ABOUT_RETURN_TYPE = YES_ERROR;
				GCC_WARN_UNDECLARED_SELECTOR = YES;
				GCC_WARN_UNINITIALIZED_AUTOS = YES_AGGRESSIVE;
				GCC_WARN_UNUSED_FUNCTION = YES;
				GCC_WARN_UNUSED_VARIABLE = YES;
				IPHONEOS_DEPLOYMENT_TARGET = 16.2;
				MTL_ENABLE_DEBUG_INFO = INCLUDE_SOURCE;
				MTL_FAST_MATH = YES;
				ONLY_ACTIVE_ARCH = YES;
				SDKROOT = iphoneos;
				SWIFT_ACTIVE_COMPILATION_CONDITIONS = DEBUG;
				SWIFT_OPTIMIZATION_LEVEL = "-Onone";
			};
			name = Debug;
		};
		C74C4F3029BCFC77000872C8 /* Release */ = {
			isa = XCBuildConfiguration;
			buildSettings = {
				ALWAYS_SEARCH_USER_PATHS = NO;
				CLANG_ANALYZER_NONNULL = YES;
				CLANG_ANALYZER_NUMBER_OBJECT_CONVERSION = YES_AGGRESSIVE;
				CLANG_CXX_LANGUAGE_STANDARD = "gnu++20";
				CLANG_ENABLE_MODULES = YES;
				CLANG_ENABLE_OBJC_ARC = YES;
				CLANG_ENABLE_OBJC_WEAK = YES;
				CLANG_WARN_BLOCK_CAPTURE_AUTORELEASING = YES;
				CLANG_WARN_BOOL_CONVERSION = YES;
				CLANG_WARN_COMMA = YES;
				CLANG_WARN_CONSTANT_CONVERSION = YES;
				CLANG_WARN_DEPRECATED_OBJC_IMPLEMENTATIONS = YES;
				CLANG_WARN_DIRECT_OBJC_ISA_USAGE = YES_ERROR;
				CLANG_WARN_DOCUMENTATION_COMMENTS = YES;
				CLANG_WARN_EMPTY_BODY = YES;
				CLANG_WARN_ENUM_CONVERSION = YES;
				CLANG_WARN_INFINITE_RECURSION = YES;
				CLANG_WARN_INT_CONVERSION = YES;
				CLANG_WARN_NON_LITERAL_NULL_CONVERSION = YES;
				CLANG_WARN_OBJC_IMPLICIT_RETAIN_SELF = YES;
				CLANG_WARN_OBJC_LITERAL_CONVERSION = YES;
				CLANG_WARN_OBJC_ROOT_CLASS = YES_ERROR;
				CLANG_WARN_QUOTED_INCLUDE_IN_FRAMEWORK_HEADER = YES;
				CLANG_WARN_RANGE_LOOP_ANALYSIS = YES;
				CLANG_WARN_STRICT_PROTOTYPES = YES;
				CLANG_WARN_SUSPICIOUS_MOVE = YES;
				CLANG_WARN_UNGUARDED_AVAILABILITY = YES_AGGRESSIVE;
				CLANG_WARN_UNREACHABLE_CODE = YES;
				CLANG_WARN__DUPLICATE_METHOD_MATCH = YES;
				COPY_PHASE_STRIP = NO;
				DEBUG_INFORMATION_FORMAT = "dwarf-with-dsym";
				ENABLE_NS_ASSERTIONS = NO;
				ENABLE_STRICT_OBJC_MSGSEND = YES;
				GCC_C_LANGUAGE_STANDARD = gnu11;
				GCC_NO_COMMON_BLOCKS = YES;
				GCC_WARN_64_TO_32_BIT_CONVERSION = YES;
				GCC_WARN_ABOUT_RETURN_TYPE = YES_ERROR;
				GCC_WARN_UNDECLARED_SELECTOR = YES;
				GCC_WARN_UNINITIALIZED_AUTOS = YES_AGGRESSIVE;
				GCC_WARN_UNUSED_FUNCTION = YES;
				GCC_WARN_UNUSED_VARIABLE = YES;
				IPHONEOS_DEPLOYMENT_TARGET = 16.2;
				MTL_ENABLE_DEBUG_INFO = NO;
				MTL_FAST_MATH = YES;
				SDKROOT = iphoneos;
				SWIFT_COMPILATION_MODE = wholemodule;
				SWIFT_OPTIMIZATION_LEVEL = "-O";
				VALIDATE_PRODUCT = YES;
			};
			name = Release;
		};
		C74C4F3229BCFC77000872C8 /* Debug */ = {
			isa = XCBuildConfiguration;
			buildSettings = {
				ASSETCATALOG_COMPILER_APPICON_NAME = AppIcon;
				ASSETCATALOG_COMPILER_GLOBAL_ACCENT_COLOR_NAME = AccentColor;
				CODE_SIGN_STYLE = Manual;
				CURRENT_PROJECT_VERSION = 1;
				DEVELOPMENT_ASSET_PATHS = "\"SwiftChallenges/Preview Content\"";
				DEVELOPMENT_TEAM = "";
				ENABLE_PREVIEWS = YES;
				GENERATE_INFOPLIST_FILE = YES;
				INFOPLIST_FILE = SwiftChallenges/Info.plist;
				INFOPLIST_KEY_UIApplicationSceneManifest_Generation = YES;
				INFOPLIST_KEY_UIApplicationSupportsIndirectInputEvents = YES;
				INFOPLIST_KEY_UILaunchScreen_Generation = YES;
				INFOPLIST_KEY_UISupportedInterfaceOrientations = UIInterfaceOrientationPortrait;
				INFOPLIST_KEY_UISupportedInterfaceOrientations_iPad = "UIInterfaceOrientationLandscapeLeft UIInterfaceOrientationLandscapeRight UIInterfaceOrientationPortrait UIInterfaceOrientationPortraitUpsideDown";
				IPHONEOS_DEPLOYMENT_TARGET = 16.0;
				LD_RUNPATH_SEARCH_PATHS = (
					"$(inherited)",
					"@executable_path/Frameworks",
				);
				MARKETING_VERSION = 1.0;
				PRODUCT_BUNDLE_IDENTIFIER = "com.geo-games.SwiftChallenges";
				PRODUCT_NAME = "$(TARGET_NAME)";
				PROVISIONING_PROFILE_SPECIFIER = "";
				SUPPORTED_PLATFORMS = "iphoneos iphonesimulator";
				SUPPORTS_MACCATALYST = NO;
				SUPPORTS_MAC_DESIGNED_FOR_IPHONE_IPAD = NO;
				SWIFT_EMIT_LOC_STRINGS = YES;
				SWIFT_VERSION = 5.0;
				TARGETED_DEVICE_FAMILY = 1;
			};
			name = Debug;
		};
		C74C4F3329BCFC77000872C8 /* Release */ = {
			isa = XCBuildConfiguration;
			buildSettings = {
				ASSETCATALOG_COMPILER_APPICON_NAME = AppIcon;
				ASSETCATALOG_COMPILER_GLOBAL_ACCENT_COLOR_NAME = AccentColor;
				CODE_SIGN_STYLE = Manual;
				CURRENT_PROJECT_VERSION = 1;
				DEVELOPMENT_ASSET_PATHS = "\"SwiftChallenges/Preview Content\"";
				DEVELOPMENT_TEAM = "";
				ENABLE_PREVIEWS = YES;
				GENERATE_INFOPLIST_FILE = YES;
				INFOPLIST_FILE = SwiftChallenges/Info.plist;
				INFOPLIST_KEY_UIApplicationSceneManifest_Generation = YES;
				INFOPLIST_KEY_UIApplicationSupportsIndirectInputEvents = YES;
				INFOPLIST_KEY_UILaunchScreen_Generation = YES;
				INFOPLIST_KEY_UISupportedInterfaceOrientations = UIInterfaceOrientationPortrait;
				INFOPLIST_KEY_UISupportedInterfaceOrientations_iPad = "UIInterfaceOrientationLandscapeLeft UIInterfaceOrientationLandscapeRight UIInterfaceOrientationPortrait UIInterfaceOrientationPortraitUpsideDown";
				IPHONEOS_DEPLOYMENT_TARGET = 16.0;
				LD_RUNPATH_SEARCH_PATHS = (
					"$(inherited)",
					"@executable_path/Frameworks",
				);
				MARKETING_VERSION = 1.0;
				PRODUCT_BUNDLE_IDENTIFIER = "com.geo-games.SwiftChallenges";
				PRODUCT_NAME = "$(TARGET_NAME)";
				PROVISIONING_PROFILE_SPECIFIER = "";
				SUPPORTED_PLATFORMS = "iphoneos iphonesimulator";
				SUPPORTS_MACCATALYST = NO;
				SUPPORTS_MAC_DESIGNED_FOR_IPHONE_IPAD = NO;
				SWIFT_EMIT_LOC_STRINGS = YES;
				SWIFT_VERSION = 5.0;
				TARGETED_DEVICE_FAMILY = 1;
			};
			name = Release;
		};
/* End XCBuildConfiguration section */

/* Begin XCConfigurationList section */
		C74C4F1E29BCFC75000872C8 /* Build configuration list for PBXProject "SwiftChallenges" */ = {
			isa = XCConfigurationList;
			buildConfigurations = (
				C74C4F2F29BCFC77000872C8 /* Debug */,
				C74C4F3029BCFC77000872C8 /* Release */,
			);
			defaultConfigurationIsVisible = 0;
			defaultConfigurationName = Release;
		};
		C74C4F3129BCFC77000872C8 /* Build configuration list for PBXNativeTarget "SwiftChallenges" */ = {
			isa = XCConfigurationList;
			buildConfigurations = (
				C74C4F3229BCFC77000872C8 /* Debug */,
				C74C4F3329BCFC77000872C8 /* Release */,
			);
			defaultConfigurationIsVisible = 0;
			defaultConfigurationName = Release;
		};
/* End XCConfigurationList section */

/* Begin XCSwiftPackageProductDependency section */
		C7C3A1D32A00682D00E83E67 /* SCAPIClient */ = {
			isa = XCSwiftPackageProductDependency;
			productName = SCAPIClient;
		};
		C7C3A1D52A00682D00E83E67 /* SCDomain */ = {
			isa = XCSwiftPackageProductDependency;
			productName = SCDomain;
		};
/* End XCSwiftPackageProductDependency section */
	};
	rootObject = C74C4F1B29BCFC75000872C8 /* Project object */;
}
