// !$*UTF8*$!
{
	archiveVersion = 1;
	classes = {
	};
	objectVersion = 56;
	objects = {

/* Begin PBXBuildFile section */
		C74C4F2729BCFC75000872C8 /* SwiftChallengesApp.swift in Sources */ = {isa = PBXBuildFile; fileRef = C74C4F2629BCFC75000872C8 /* SwiftChallengesApp.swift */; };
		C74C4F2B29BCFC77000872C8 /* Assets.xcassets in Resources */ = {isa = PBXBuildFile; fileRef = C74C4F2A29BCFC77000872C8 /* Assets.xcassets */; };
		C75CA9272A07E1E400DA5420 /* Kingfisher in Frameworks */ = {isa = PBXBuildFile; productRef = C75CA9262A07E1E400DA5420 /* Kingfisher */; };
		C75CA9292A07E20500DA5420 /* ImageView.swift in Sources */ = {isa = PBXBuildFile; fileRef = C75CA9282A07E20500DA5420 /* ImageView.swift */; };
		C75CA92B2A07E63F00DA5420 /* Constants.swift in Sources */ = {isa = PBXBuildFile; fileRef = C75CA92A2A07E63F00DA5420 /* Constants.swift */; };
		C7B275F62A068CE600F44092 /* MoviesView.swift in Sources */ = {isa = PBXBuildFile; fileRef = C7B275F52A068CE600F44092 /* MoviesView.swift */; };
		C7B275F92A06F9D800F44092 /* ComposableArchitecture in Frameworks */ = {isa = PBXBuildFile; productRef = C7B275F82A06F9D800F44092 /* ComposableArchitecture */; };
		C7B275FB2A0701BA00F44092 /* MoviesRepository.swift in Sources */ = {isa = PBXBuildFile; fileRef = C7B275FA2A0701BA00F44092 /* MoviesRepository.swift */; };
		C7B275FE2A07125200F44092 /* Paginated.swift in Sources */ = {isa = PBXBuildFile; fileRef = C7B275FD2A07125200F44092 /* Paginated.swift */; };
		C7B276012A071B9600F44092 /* Loading.swift in Sources */ = {isa = PBXBuildFile; fileRef = C7B276002A071B9600F44092 /* Loading.swift */; };
		C7B276032A071BCE00F44092 /* AnyError.swift in Sources */ = {isa = PBXBuildFile; fileRef = C7B276022A071BCE00F44092 /* AnyError.swift */; };
		C7B2760B2A07C38800F44092 /* ScrollViewDetector.swift in Sources */ = {isa = PBXBuildFile; fileRef = C7B2760A2A07C38800F44092 /* ScrollViewDetector.swift */; };
		C7B2760D2A07C3B800F44092 /* Unwrap.swift in Sources */ = {isa = PBXBuildFile; fileRef = C7B2760C2A07C3B800F44092 /* Unwrap.swift */; };
		C7C3A1D12A00679E00E83E67 /* MoviesDB.swift in Sources */ = {isa = PBXBuildFile; fileRef = C7C3A1D02A00679E00E83E67 /* MoviesDB.swift */; };
		C7C3A1D42A00682D00E83E67 /* SCAPIClient in Frameworks */ = {isa = PBXBuildFile; productRef = C7C3A1D32A00682D00E83E67 /* SCAPIClient */; };
		C7C3A1D62A00682D00E83E67 /* SCDomain in Frameworks */ = {isa = PBXBuildFile; productRef = C7C3A1D52A00682D00E83E67 /* SCDomain */; };
/* End PBXBuildFile section */

/* Begin PBXFileReference section */
		C71970392A1FB24E00F498ED /* TriesDS.playground */ = {isa = PBXFileReference; lastKnownFileType = file.playground; path = TriesDS.playground; sourceTree = "<group>"; xcLanguageSpecificationIdentifier = xcode.lang.swift; };
		C719703A2A20EC2900F498ED /* BinarySearchDS.playground */ = {isa = PBXFileReference; lastKnownFileType = file.playground; path = BinarySearchDS.playground; sourceTree = "<group>"; xcLanguageSpecificationIdentifier = xcode.lang.swift; };
		C729E87E2A111A6B006C1357 /* QueuesDS.playground */ = {isa = PBXFileReference; lastKnownFileType = file.playground; path = QueuesDS.playground; sourceTree = "<group>"; xcLanguageSpecificationIdentifier = xcode.lang.swift; };
		C74C4F2329BCFC75000872C8 /* SwiftChallenges.app */ = {isa = PBXFileReference; explicitFileType = wrapper.application; includeInIndex = 0; path = SwiftChallenges.app; sourceTree = BUILT_PRODUCTS_DIR; };
		C74C4F2629BCFC75000872C8 /* SwiftChallengesApp.swift */ = {isa = PBXFileReference; lastKnownFileType = sourcecode.swift; path = SwiftChallengesApp.swift; sourceTree = "<group>"; };
		C74C4F2A29BCFC77000872C8 /* Assets.xcassets */ = {isa = PBXFileReference; lastKnownFileType = folder.assetcatalog; path = Assets.xcassets; sourceTree = "<group>"; };
		C74C4F2D29BCFC77000872C8 /* Preview Assets.xcassets */ = {isa = PBXFileReference; lastKnownFileType = folder.assetcatalog; path = "Preview Assets.xcassets"; sourceTree = "<group>"; };
		C74C4F3729BCFE66000872C8 /* SwiftExamples.playground */ = {isa = PBXFileReference; lastKnownFileType = file.playground; path = SwiftExamples.playground; sourceTree = "<group>"; };
		C75CA9282A07E20500DA5420 /* ImageView.swift */ = {isa = PBXFileReference; lastKnownFileType = sourcecode.swift; path = ImageView.swift; sourceTree = "<group>"; };
		C75CA92A2A07E63F00DA5420 /* Constants.swift */ = {isa = PBXFileReference; lastKnownFileType = sourcecode.swift; path = Constants.swift; sourceTree = "<group>"; };
		C76A18AB2A103CB900D11B62 /* StacksDS.playground */ = {isa = PBXFileReference; lastKnownFileType = file.playground; path = StacksDS.playground; sourceTree = "<group>"; xcLanguageSpecificationIdentifier = xcode.lang.swift; };
		C76A18AC2A103CCA00D11B62 /* LinkedListAndCollectionDS.playground */ = {isa = PBXFileReference; lastKnownFileType = file.playground; path = LinkedListAndCollectionDS.playground; sourceTree = "<group>"; xcLanguageSpecificationIdentifier = xcode.lang.swift; };
		C76A18AD2A103CE300D11B62 /* DataRace.playground */ = {isa = PBXFileReference; lastKnownFileType = file.playground; path = DataRace.playground; sourceTree = "<group>"; xcLanguageSpecificationIdentifier = xcode.lang.swift; };
		C77E73452A1D26F400917400 /* BinaryTreeDS.playground */ = {isa = PBXFileReference; lastKnownFileType = file.playground; path = BinaryTreeDS.playground; sourceTree = "<group>"; xcLanguageSpecificationIdentifier = xcode.lang.swift; };
		C7B275F52A068CE600F44092 /* MoviesView.swift */ = {isa = PBXFileReference; lastKnownFileType = sourcecode.swift; path = MoviesView.swift; sourceTree = "<group>"; };
		C7B275FA2A0701BA00F44092 /* MoviesRepository.swift */ = {isa = PBXFileReference; lastKnownFileType = sourcecode.swift; path = MoviesRepository.swift; sourceTree = "<group>"; };
		C7B275FD2A07125200F44092 /* Paginated.swift */ = {isa = PBXFileReference; lastKnownFileType = sourcecode.swift; path = Paginated.swift; sourceTree = "<group>"; };
		C7B276002A071B9600F44092 /* Loading.swift */ = {isa = PBXFileReference; lastKnownFileType = sourcecode.swift; path = Loading.swift; sourceTree = "<group>"; };
		C7B276022A071BCE00F44092 /* AnyError.swift */ = {isa = PBXFileReference; lastKnownFileType = sourcecode.swift; path = AnyError.swift; sourceTree = "<group>"; };
		C7B2760A2A07C38800F44092 /* ScrollViewDetector.swift */ = {isa = PBXFileReference; lastKnownFileType = sourcecode.swift; path = ScrollViewDetector.swift; sourceTree = "<group>"; };
		C7B2760C2A07C3B800F44092 /* Unwrap.swift */ = {isa = PBXFileReference; lastKnownFileType = sourcecode.swift; path = Unwrap.swift; sourceTree = "<group>"; };
		C7BF9BBF2A222C6700BC12E1 /* HeapDS.playground */ = {isa = PBXFileReference; lastKnownFileType = file.playground; path = HeapDS.playground; sourceTree = "<group>"; xcLanguageSpecificationIdentifier = xcode.lang.swift; };
		C7BF9BC02A22786A00BC12E1 /* PriorityQueueDS.playground */ = {isa = PBXFileReference; lastKnownFileType = file.playground; path = PriorityQueueDS.playground; sourceTree = "<group>"; xcLanguageSpecificationIdentifier = xcode.lang.swift; };
		C7BF9BC12A229DDF00BC12E1 /* On2SortingAlgorithmsDS.playground */ = {isa = PBXFileReference; lastKnownFileType = file.playground; path = On2SortingAlgorithmsDS.playground; sourceTree = "<group>"; xcLanguageSpecificationIdentifier = xcode.lang.swift; };
		C7BF9BC22A22AD9600BC12E1 /* MergeSortDS.playground */ = {isa = PBXFileReference; lastKnownFileType = file.playground; path = MergeSortDS.playground; sourceTree = "<group>"; xcLanguageSpecificationIdentifier = xcode.lang.swift; };
		C7BF9BC32A22C34800BC12E1 /* RadixSortDS.playground */ = {isa = PBXFileReference; lastKnownFileType = file.playground; path = RadixSortDS.playground; sourceTree = "<group>"; xcLanguageSpecificationIdentifier = xcode.lang.swift; };
		C7BF9BC42A238CF800BC12E1 /* HeapSortDS.playground */ = {isa = PBXFileReference; lastKnownFileType = file.playground; path = HeapSortDS.playground; sourceTree = "<group>"; xcLanguageSpecificationIdentifier = xcode.lang.swift; };
		C7BF9BC52A23A49B00BC12E1 /* QuickSortDS.playground */ = {isa = PBXFileReference; lastKnownFileType = file.playground; path = QuickSortDS.playground; sourceTree = "<group>"; xcLanguageSpecificationIdentifier = xcode.lang.swift; };
		C7BF9BC62A23CE3500BC12E1 /* GraphsDS.playground */ = {isa = PBXFileReference; lastKnownFileType = file.playground; path = GraphsDS.playground; sourceTree = "<group>"; xcLanguageSpecificationIdentifier = xcode.lang.swift; };
		C7BF9BC72A23F25200BC12E1 /* BreadthFirstSearchDS.playground */ = {isa = PBXFileReference; lastKnownFileType = file.playground; path = BreadthFirstSearchDS.playground; sourceTree = "<group>"; xcLanguageSpecificationIdentifier = xcode.lang.swift; };
		C7BF9BC82A2404BB00BC12E1 /* DepthFirstSearchDS.playground */ = {isa = PBXFileReference; lastKnownFileType = file.playground; path = DepthFirstSearchDS.playground; sourceTree = "<group>"; xcLanguageSpecificationIdentifier = xcode.lang.swift; };
		C7BF9BC92A24C84000BC12E1 /* DijkstrasAlgorithmDS.playground */ = {isa = PBXFileReference; lastKnownFileType = file.playground; path = DijkstrasAlgorithmDS.playground; sourceTree = "<group>"; xcLanguageSpecificationIdentifier = xcode.lang.swift; };
		C7BF9BCA2A24E3FB00BC12E1 /* PrimsAlgorithmDS.playground */ = {isa = PBXFileReference; lastKnownFileType = file.playground; path = PrimsAlgorithmDS.playground; sourceTree = "<group>"; xcLanguageSpecificationIdentifier = xcode.lang.swift; };
		C7BF9BCB2A25045800BC12E1 /* MiniMax.playground */ = {isa = PBXFileReference; lastKnownFileType = file.playground; path = MiniMax.playground; sourceTree = "<group>"; xcLanguageSpecificationIdentifier = xcode.lang.swift; };
		C7C3A1CD29FFF4C000E83E67 /* SCAPIClient */ = {isa = PBXFileReference; lastKnownFileType = wrapper; path = SCAPIClient; sourceTree = "<group>"; };
		C7C3A1CF2A0063D900E83E67 /* SCDomain */ = {isa = PBXFileReference; lastKnownFileType = wrapper; path = SCDomain; sourceTree = "<group>"; };
		C7C3A1D02A00679E00E83E67 /* MoviesDB.swift */ = {isa = PBXFileReference; lastKnownFileType = sourcecode.swift; path = MoviesDB.swift; sourceTree = "<group>"; };
		C7C3A1D72A00700E00E83E67 /* Info.plist */ = {isa = PBXFileReference; lastKnownFileType = text.plist; path = Info.plist; sourceTree = "<group>"; };
		C7C66AD02A155BB900C47CD8 /* TreesDS.playground */ = {isa = PBXFileReference; lastKnownFileType = file.playground; path = TreesDS.playground; sourceTree = "<group>"; xcLanguageSpecificationIdentifier = xcode.lang.swift; };
		C7D348792A1E742900B6ACBA /* AVLTreesDS.playground */ = {isa = PBXFileReference; lastKnownFileType = file.playground; path = AVLTreesDS.playground; sourceTree = "<group>"; xcLanguageSpecificationIdentifier = xcode.lang.swift; };
		C7E00F5F2A1D39C000F50171 /* BinarySearchTreeDS.playground */ = {isa = PBXFileReference; lastKnownFileType = file.playground; path = BinarySearchTreeDS.playground; sourceTree = "<group>"; xcLanguageSpecificationIdentifier = xcode.lang.swift; };
		C7E00F602A1D3D6B00F50171 /* BO-Notation.playground */ = {isa = PBXFileReference; lastKnownFileType = file.playground; path = "BO-Notation.playground"; sourceTree = "<group>"; xcLanguageSpecificationIdentifier = xcode.lang.swift; };
/* End PBXFileReference section */

/* Begin PBXFrameworksBuildPhase section */
		C74C4F2029BCFC75000872C8 /* Frameworks */ = {
			isa = PBXFrameworksBuildPhase;
			buildActionMask = 2147483647;
			files = (
				C75CA9272A07E1E400DA5420 /* Kingfisher in Frameworks */,
				C7C3A1D62A00682D00E83E67 /* SCDomain in Frameworks */,
				C7C3A1D42A00682D00E83E67 /* SCAPIClient in Frameworks */,
				C7B275F92A06F9D800F44092 /* ComposableArchitecture in Frameworks */,
			);
			runOnlyForDeploymentPostprocessing = 0;
		};
/* End PBXFrameworksBuildPhase section */

/* Begin PBXGroup section */
		C74C4F1A29BCFC75000872C8 = {
			isa = PBXGroup;
			children = (
				C7C3A1CF2A0063D900E83E67 /* SCDomain */,
				C7C3A1CD29FFF4C000E83E67 /* SCAPIClient */,
				C74C4F2529BCFC75000872C8 /* SwiftChallenges */,
				C74C4F3629BCFE66000872C8 /* Playgrounds */,
				C74C4F2429BCFC75000872C8 /* Products */,
				C7C3A1D22A00682D00E83E67 /* Frameworks */,
			);
			sourceTree = "<group>";
		};
		C74C4F2429BCFC75000872C8 /* Products */ = {
			isa = PBXGroup;
			children = (
				C74C4F2329BCFC75000872C8 /* SwiftChallenges.app */,
			);
			name = Products;
			sourceTree = "<group>";
		};
		C74C4F2529BCFC75000872C8 /* SwiftChallenges */ = {
			isa = PBXGroup;
			children = (
				C7C3A1D72A00700E00E83E67 /* Info.plist */,
				C7B275FF2A071B8000F44092 /* Utilities */,
				C7B275FC2A07123C00F44092 /* Pagination */,
				C7C3A1CE2A00566300E83E67 /* MoviesDB */,
				C7B276092A07C37400F44092 /* Views */,
				C74C4F2629BCFC75000872C8 /* SwiftChallengesApp.swift */,
				C74C4F2A29BCFC77000872C8 /* Assets.xcassets */,
				C74C4F2C29BCFC77000872C8 /* Preview Content */,
			);
			path = SwiftChallenges;
			sourceTree = "<group>";
		};
		C74C4F2C29BCFC77000872C8 /* Preview Content */ = {
			isa = PBXGroup;
			children = (
				C74C4F2D29BCFC77000872C8 /* Preview Assets.xcassets */,
			);
			path = "Preview Content";
			sourceTree = "<group>";
		};
		C74C4F3629BCFE66000872C8 /* Playgrounds */ = {
			isa = PBXGroup;
			children = (
				C74C4F3729BCFE66000872C8 /* SwiftExamples.playground */,
				C7E00F602A1D3D6B00F50171 /* BO-Notation.playground */,
				C76A18AB2A103CB900D11B62 /* StacksDS.playground */,
				C76A18AC2A103CCA00D11B62 /* LinkedListAndCollectionDS.playground */,
				C76A18AD2A103CE300D11B62 /* DataRace.playground */,
				C729E87E2A111A6B006C1357 /* QueuesDS.playground */,
				C7BF9BC02A22786A00BC12E1 /* PriorityQueueDS.playground */,
				C7C66AD02A155BB900C47CD8 /* TreesDS.playground */,
				C77E73452A1D26F400917400 /* BinaryTreeDS.playground */,
				C7E00F5F2A1D39C000F50171 /* BinarySearchTreeDS.playground */,
				C7D348792A1E742900B6ACBA /* AVLTreesDS.playground */,
				C71970392A1FB24E00F498ED /* TriesDS.playground */,
				C719703A2A20EC2900F498ED /* BinarySearchDS.playground */,
				C7BF9BBF2A222C6700BC12E1 /* HeapDS.playground */,
				C7BF9BC12A229DDF00BC12E1 /* On2SortingAlgorithmsDS.playground */,
				C7BF9BC22A22AD9600BC12E1 /* MergeSortDS.playground */,
				C7BF9BC32A22C34800BC12E1 /* RadixSortDS.playground */,
				C7BF9BC42A238CF800BC12E1 /* HeapSortDS.playground */,
				C7BF9BC52A23A49B00BC12E1 /* QuickSortDS.playground */,
				C7BF9BC62A23CE3500BC12E1 /* GraphsDS.playground */,
				C7BF9BC72A23F25200BC12E1 /* BreadthFirstSearchDS.playground */,
				C7BF9BC82A2404BB00BC12E1 /* DepthFirstSearchDS.playground */,
				C7BF9BC92A24C84000BC12E1 /* DijkstrasAlgorithmDS.playground */,
				C7BF9BCA2A24E3FB00BC12E1 /* PrimsAlgorithmDS.playground */,
				C7BF9BCB2A25045800BC12E1 /* MiniMax.playground */,
			);
			path = Playgrounds;
			sourceTree = "<group>";
		};
		C7B275FC2A07123C00F44092 /* Pagination */ = {
			isa = PBXGroup;
			children = (
				C7B275FD2A07125200F44092 /* Paginated.swift */,
			);
			path = Pagination;
			sourceTree = "<group>";
		};
		C7B275FF2A071B8000F44092 /* Utilities */ = {
			isa = PBXGroup;
			children = (
				C7B276002A071B9600F44092 /* Loading.swift */,
				C7B276022A071BCE00F44092 /* AnyError.swift */,
				C75CA92A2A07E63F00DA5420 /* Constants.swift */,
			);
			path = Utilities;
			sourceTree = "<group>";
		};
		C7B276092A07C37400F44092 /* Views */ = {
			isa = PBXGroup;
			children = (
				C7B2760C2A07C3B800F44092 /* Unwrap.swift */,
				C75CA9282A07E20500DA5420 /* ImageView.swift */,
			);
			path = Views;
			sourceTree = "<group>";
		};
		C7C3A1CE2A00566300E83E67 /* MoviesDB */ = {
			isa = PBXGroup;
			children = (
				C7B2760A2A07C38800F44092 /* ScrollViewDetector.swift */,
				C7B275FA2A0701BA00F44092 /* MoviesRepository.swift */,
				C7C3A1D02A00679E00E83E67 /* MoviesDB.swift */,
				C7B275F52A068CE600F44092 /* MoviesView.swift */,
			);
			path = MoviesDB;
			sourceTree = "<group>";
		};
		C7C3A1D22A00682D00E83E67 /* Frameworks */ = {
			isa = PBXGroup;
			children = (
			);
			name = Frameworks;
			sourceTree = "<group>";
		};
/* End PBXGroup section */

/* Begin PBXNativeTarget section */
		C74C4F2229BCFC75000872C8 /* SwiftChallenges */ = {
			isa = PBXNativeTarget;
			buildConfigurationList = C74C4F3129BCFC77000872C8 /* Build configuration list for PBXNativeTarget "SwiftChallenges" */;
			buildPhases = (
				C74C4F1F29BCFC75000872C8 /* Sources */,
				C74C4F2029BCFC75000872C8 /* Frameworks */,
				C74C4F2129BCFC75000872C8 /* Resources */,
			);
			buildRules = (
			);
			dependencies = (
			);
			name = SwiftChallenges;
			packageProductDependencies = (
				C7C3A1D32A00682D00E83E67 /* SCAPIClient */,
				C7C3A1D52A00682D00E83E67 /* SCDomain */,
				C7B275F82A06F9D800F44092 /* ComposableArchitecture */,
				C75CA9262A07E1E400DA5420 /* Kingfisher */,
			);
			productName = SwiftChallenges;
			productReference = C74C4F2329BCFC75000872C8 /* SwiftChallenges.app */;
			productType = "com.apple.product-type.application";
		};
/* End PBXNativeTarget section */

/* Begin PBXProject section */
		C74C4F1B29BCFC75000872C8 /* Project object */ = {
			isa = PBXProject;
			attributes = {
				BuildIndependentTargetsInParallel = 1;
				LastSwiftUpdateCheck = 1420;
				LastUpgradeCheck = 1420;
				TargetAttributes = {
					C74C4F2229BCFC75000872C8 = {
						CreatedOnToolsVersion = 14.2;
					};
				};
			};
			buildConfigurationList = C74C4F1E29BCFC75000872C8 /* Build configuration list for PBXProject "SwiftChallenges" */;
			compatibilityVersion = "Xcode 14.0";
			developmentRegion = en;
			hasScannedForEncodings = 0;
			knownRegions = (
				en,
				Base,
			);
			mainGroup = C74C4F1A29BCFC75000872C8;
			packageReferences = (
				C7B275F72A06F9D800F44092 /* XCRemoteSwiftPackageReference "swift-composable-architecture" */,
				C75CA9252A07E1E400DA5420 /* XCRemoteSwiftPackageReference "Kingfisher" */,
			);
			productRefGroup = C74C4F2429BCFC75000872C8 /* Products */;
			projectDirPath = "";
			projectRoot = "";
			targets = (
				C74C4F2229BCFC75000872C8 /* SwiftChallenges */,
			);
		};
/* End PBXProject section */

/* Begin PBXResourcesBuildPhase section */
		C74C4F2129BCFC75000872C8 /* Resources */ = {
			isa = PBXResourcesBuildPhase;
			buildActionMask = 2147483647;
			files = (
				C74C4F2B29BCFC77000872C8 /* Assets.xcassets in Resources */,
			);
			runOnlyForDeploymentPostprocessing = 0;
		};
/* End PBXResourcesBuildPhase section */

/* Begin PBXSourcesBuildPhase section */
		C74C4F1F29BCFC75000872C8 /* Sources */ = {
			isa = PBXSourcesBuildPhase;
			buildActionMask = 2147483647;
			files = (
				C75CA9292A07E20500DA5420 /* ImageView.swift in Sources */,
				C75CA92B2A07E63F00DA5420 /* Constants.swift in Sources */,
				C7B2760D2A07C3B800F44092 /* Unwrap.swift in Sources */,
				C7B275FB2A0701BA00F44092 /* MoviesRepository.swift in Sources */,
				C74C4F2729BCFC75000872C8 /* SwiftChallengesApp.swift in Sources */,
				C7B275FE2A07125200F44092 /* Paginated.swift in Sources */,
				C7B276032A071BCE00F44092 /* AnyError.swift in Sources */,
				C7C3A1D12A00679E00E83E67 /* MoviesDB.swift in Sources */,
				C7B276012A071B9600F44092 /* Loading.swift in Sources */,
				C7B275F62A068CE600F44092 /* MoviesView.swift in Sources */,
				C7B2760B2A07C38800F44092 /* ScrollViewDetector.swift in Sources */,
			);
			runOnlyForDeploymentPostprocessing = 0;
		};
/* End PBXSourcesBuildPhase section */

/* Begin XCBuildConfiguration section */
		C74C4F2F29BCFC77000872C8 /* Debug */ = {
			isa = XCBuildConfiguration;
			buildSettings = {
				ALWAYS_SEARCH_USER_PATHS = NO;
				CLANG_ANALYZER_NONNULL = YES;
				CLANG_ANALYZER_NUMBER_OBJECT_CONVERSION = YES_AGGRESSIVE;
				CLANG_CXX_LANGUAGE_STANDARD = "gnu++20";
				CLANG_ENABLE_MODULES = YES;
				CLANG_ENABLE_OBJC_ARC = YES;
				CLANG_ENABLE_OBJC_WEAK = YES;
				CLANG_WARN_BLOCK_CAPTURE_AUTORELEASING = YES;
				CLANG_WARN_BOOL_CONVERSION = YES;
				CLANG_WARN_COMMA = YES;
				CLANG_WARN_CONSTANT_CONVERSION = YES;
				CLANG_WARN_DEPRECATED_OBJC_IMPLEMENTATIONS = YES;
				CLANG_WARN_DIRECT_OBJC_ISA_USAGE = YES_ERROR;
				CLANG_WARN_DOCUMENTATION_COMMENTS = YES;
				CLANG_WARN_EMPTY_BODY = YES;
				CLANG_WARN_ENUM_CONVERSION = YES;
				CLANG_WARN_INFINITE_RECURSION = YES;
				CLANG_WARN_INT_CONVERSION = YES;
				CLANG_WARN_NON_LITERAL_NULL_CONVERSION = YES;
				CLANG_WARN_OBJC_IMPLICIT_RETAIN_SELF = YES;
				CLANG_WARN_OBJC_LITERAL_CONVERSION = YES;
				CLANG_WARN_OBJC_ROOT_CLASS = YES_ERROR;
				CLANG_WARN_QUOTED_INCLUDE_IN_FRAMEWORK_HEADER = YES;
				CLANG_WARN_RANGE_LOOP_ANALYSIS = YES;
				CLANG_WARN_STRICT_PROTOTYPES = YES;
				CLANG_WARN_SUSPICIOUS_MOVE = YES;
				CLANG_WARN_UNGUARDED_AVAILABILITY = YES_AGGRESSIVE;
				CLANG_WARN_UNREACHABLE_CODE = YES;
				CLANG_WARN__DUPLICATE_METHOD_MATCH = YES;
				COPY_PHASE_STRIP = NO;
				DEBUG_INFORMATION_FORMAT = dwarf;
				ENABLE_STRICT_OBJC_MSGSEND = YES;
				ENABLE_TESTABILITY = YES;
				GCC_C_LANGUAGE_STANDARD = gnu11;
				GCC_DYNAMIC_NO_PIC = NO;
				GCC_NO_COMMON_BLOCKS = YES;
				GCC_OPTIMIZATION_LEVEL = 0;
				GCC_PREPROCESSOR_DEFINITIONS = (
					"DEBUG=1",
					"$(inherited)",
				);
				GCC_WARN_64_TO_32_BIT_CONVERSION = YES;
				GCC_WARN_ABOUT_RETURN_TYPE = YES_ERROR;
				GCC_WARN_UNDECLARED_SELECTOR = YES;
				GCC_WARN_UNINITIALIZED_AUTOS = YES_AGGRESSIVE;
				GCC_WARN_UNUSED_FUNCTION = YES;
				GCC_WARN_UNUSED_VARIABLE = YES;
				IPHONEOS_DEPLOYMENT_TARGET = 16.2;
				MTL_ENABLE_DEBUG_INFO = INCLUDE_SOURCE;
				MTL_FAST_MATH = YES;
				ONLY_ACTIVE_ARCH = YES;
				SDKROOT = iphoneos;
				SWIFT_ACTIVE_COMPILATION_CONDITIONS = DEBUG;
				SWIFT_OPTIMIZATION_LEVEL = "-Onone";
			};
			name = Debug;
		};
		C74C4F3029BCFC77000872C8 /* Release */ = {
			isa = XCBuildConfiguration;
			buildSettings = {
				ALWAYS_SEARCH_USER_PATHS = NO;
				CLANG_ANALYZER_NONNULL = YES;
				CLANG_ANALYZER_NUMBER_OBJECT_CONVERSION = YES_AGGRESSIVE;
				CLANG_CXX_LANGUAGE_STANDARD = "gnu++20";
				CLANG_ENABLE_MODULES = YES;
				CLANG_ENABLE_OBJC_ARC = YES;
				CLANG_ENABLE_OBJC_WEAK = YES;
				CLANG_WARN_BLOCK_CAPTURE_AUTORELEASING = YES;
				CLANG_WARN_BOOL_CONVERSION = YES;
				CLANG_WARN_COMMA = YES;
				CLANG_WARN_CONSTANT_CONVERSION = YES;
				CLANG_WARN_DEPRECATED_OBJC_IMPLEMENTATIONS = YES;
				CLANG_WARN_DIRECT_OBJC_ISA_USAGE = YES_ERROR;
				CLANG_WARN_DOCUMENTATION_COMMENTS = YES;
				CLANG_WARN_EMPTY_BODY = YES;
				CLANG_WARN_ENUM_CONVERSION = YES;
				CLANG_WARN_INFINITE_RECURSION = YES;
				CLANG_WARN_INT_CONVERSION = YES;
				CLANG_WARN_NON_LITERAL_NULL_CONVERSION = YES;
				CLANG_WARN_OBJC_IMPLICIT_RETAIN_SELF = YES;
				CLANG_WARN_OBJC_LITERAL_CONVERSION = YES;
				CLANG_WARN_OBJC_ROOT_CLASS = YES_ERROR;
				CLANG_WARN_QUOTED_INCLUDE_IN_FRAMEWORK_HEADER = YES;
				CLANG_WARN_RANGE_LOOP_ANALYSIS = YES;
				CLANG_WARN_STRICT_PROTOTYPES = YES;
				CLANG_WARN_SUSPICIOUS_MOVE = YES;
				CLANG_WARN_UNGUARDED_AVAILABILITY = YES_AGGRESSIVE;
				CLANG_WARN_UNREACHABLE_CODE = YES;
				CLANG_WARN__DUPLICATE_METHOD_MATCH = YES;
				COPY_PHASE_STRIP = NO;
				DEBUG_INFORMATION_FORMAT = "dwarf-with-dsym";
				ENABLE_NS_ASSERTIONS = NO;
				ENABLE_STRICT_OBJC_MSGSEND = YES;
				GCC_C_LANGUAGE_STANDARD = gnu11;
				GCC_NO_COMMON_BLOCKS = YES;
				GCC_WARN_64_TO_32_BIT_CONVERSION = YES;
				GCC_WARN_ABOUT_RETURN_TYPE = YES_ERROR;
				GCC_WARN_UNDECLARED_SELECTOR = YES;
				GCC_WARN_UNINITIALIZED_AUTOS = YES_AGGRESSIVE;
				GCC_WARN_UNUSED_FUNCTION = YES;
				GCC_WARN_UNUSED_VARIABLE = YES;
				IPHONEOS_DEPLOYMENT_TARGET = 16.2;
				MTL_ENABLE_DEBUG_INFO = NO;
				MTL_FAST_MATH = YES;
				SDKROOT = iphoneos;
				SWIFT_COMPILATION_MODE = wholemodule;
				SWIFT_OPTIMIZATION_LEVEL = "-O";
				VALIDATE_PRODUCT = YES;
			};
			name = Release;
		};
		C74C4F3229BCFC77000872C8 /* Debug */ = {
			isa = XCBuildConfiguration;
			buildSettings = {
				ASSETCATALOG_COMPILER_APPICON_NAME = AppIcon;
				ASSETCATALOG_COMPILER_GLOBAL_ACCENT_COLOR_NAME = AccentColor;
				CODE_SIGN_STYLE = Manual;
				CURRENT_PROJECT_VERSION = 1;
				DEVELOPMENT_ASSET_PATHS = "";
				DEVELOPMENT_TEAM = "";
				ENABLE_PREVIEWS = YES;
				GENERATE_INFOPLIST_FILE = YES;
				INFOPLIST_FILE = SwiftChallenges/Info.plist;
				INFOPLIST_KEY_UIApplicationSceneManifest_Generation = YES;
				INFOPLIST_KEY_UIApplicationSupportsIndirectInputEvents = YES;
				INFOPLIST_KEY_UILaunchScreen_Generation = YES;
				INFOPLIST_KEY_UISupportedInterfaceOrientations = UIInterfaceOrientationPortrait;
				INFOPLIST_KEY_UISupportedInterfaceOrientations_iPad = "UIInterfaceOrientationLandscapeLeft UIInterfaceOrientationLandscapeRight UIInterfaceOrientationPortrait UIInterfaceOrientationPortraitUpsideDown";
				IPHONEOS_DEPLOYMENT_TARGET = 16.0;
				LD_RUNPATH_SEARCH_PATHS = (
					"$(inherited)",
					"@executable_path/Frameworks",
				);
				MARKETING_VERSION = 1.0;
				PRODUCT_BUNDLE_IDENTIFIER = "com.geo-games.SwiftChallenges";
				PRODUCT_NAME = "$(TARGET_NAME)";
				PROVISIONING_PROFILE_SPECIFIER = "";
				SUPPORTED_PLATFORMS = "iphoneos iphonesimulator";
				SUPPORTS_MACCATALYST = NO;
				SUPPORTS_MAC_DESIGNED_FOR_IPHONE_IPAD = NO;
				SWIFT_EMIT_LOC_STRINGS = YES;
				SWIFT_VERSION = 5.0;
				TARGETED_DEVICE_FAMILY = 1;
			};
			name = Debug;
		};
		C74C4F3329BCFC77000872C8 /* Release */ = {
			isa = XCBuildConfiguration;
			buildSettings = {
				ASSETCATALOG_COMPILER_APPICON_NAME = AppIcon;
				ASSETCATALOG_COMPILER_GLOBAL_ACCENT_COLOR_NAME = AccentColor;
				CODE_SIGN_STYLE = Manual;
				CURRENT_PROJECT_VERSION = 1;
				DEVELOPMENT_ASSET_PATHS = "";
				DEVELOPMENT_TEAM = "";
				ENABLE_PREVIEWS = YES;
				GENERATE_INFOPLIST_FILE = YES;
				INFOPLIST_FILE = SwiftChallenges/Info.plist;
				INFOPLIST_KEY_UIApplicationSceneManifest_Generation = YES;
				INFOPLIST_KEY_UIApplicationSupportsIndirectInputEvents = YES;
				INFOPLIST_KEY_UILaunchScreen_Generation = YES;
				INFOPLIST_KEY_UISupportedInterfaceOrientations = UIInterfaceOrientationPortrait;
				INFOPLIST_KEY_UISupportedInterfaceOrientations_iPad = "UIInterfaceOrientationLandscapeLeft UIInterfaceOrientationLandscapeRight UIInterfaceOrientationPortrait UIInterfaceOrientationPortraitUpsideDown";
				IPHONEOS_DEPLOYMENT_TARGET = 16.0;
				LD_RUNPATH_SEARCH_PATHS = (
					"$(inherited)",
					"@executable_path/Frameworks",
				);
				MARKETING_VERSION = 1.0;
				PRODUCT_BUNDLE_IDENTIFIER = "com.geo-games.SwiftChallenges";
				PRODUCT_NAME = "$(TARGET_NAME)";
				PROVISIONING_PROFILE_SPECIFIER = "";
				SUPPORTED_PLATFORMS = "iphoneos iphonesimulator";
				SUPPORTS_MACCATALYST = NO;
				SUPPORTS_MAC_DESIGNED_FOR_IPHONE_IPAD = NO;
				SWIFT_EMIT_LOC_STRINGS = YES;
				SWIFT_VERSION = 5.0;
				TARGETED_DEVICE_FAMILY = 1;
			};
			name = Release;
		};
/* End XCBuildConfiguration section */

/* Begin XCConfigurationList section */
		C74C4F1E29BCFC75000872C8 /* Build configuration list for PBXProject "SwiftChallenges" */ = {
			isa = XCConfigurationList;
			buildConfigurations = (
				C74C4F2F29BCFC77000872C8 /* Debug */,
				C74C4F3029BCFC77000872C8 /* Release */,
			);
			defaultConfigurationIsVisible = 0;
			defaultConfigurationName = Release;
		};
		C74C4F3129BCFC77000872C8 /* Build configuration list for PBXNativeTarget "SwiftChallenges" */ = {
			isa = XCConfigurationList;
			buildConfigurations = (
				C74C4F3229BCFC77000872C8 /* Debug */,
				C74C4F3329BCFC77000872C8 /* Release */,
			);
			defaultConfigurationIsVisible = 0;
			defaultConfigurationName = Release;
		};
/* End XCConfigurationList section */

/* Begin XCRemoteSwiftPackageReference section */
		C75CA9252A07E1E400DA5420 /* XCRemoteSwiftPackageReference "Kingfisher" */ = {
			isa = XCRemoteSwiftPackageReference;
			repositoryURL = "https://github.com/onevcat/Kingfisher";
			requirement = {
				kind = upToNextMajorVersion;
				minimumVersion = 7.0.0;
			};
		};
		C7B275F72A06F9D800F44092 /* XCRemoteSwiftPackageReference "swift-composable-architecture" */ = {
			isa = XCRemoteSwiftPackageReference;
			repositoryURL = "https://github.com/pointfreeco/swift-composable-architecture.git";
			requirement = {
				kind = upToNextMajorVersion;
				minimumVersion = 0.52.0;
			};
		};
/* End XCRemoteSwiftPackageReference section */

/* Begin XCSwiftPackageProductDependency section */
		C75CA9262A07E1E400DA5420 /* Kingfisher */ = {
			isa = XCSwiftPackageProductDependency;
			package = C75CA9252A07E1E400DA5420 /* XCRemoteSwiftPackageReference "Kingfisher" */;
			productName = Kingfisher;
		};
		C7B275F82A06F9D800F44092 /* ComposableArchitecture */ = {
			isa = XCSwiftPackageProductDependency;
			package = C7B275F72A06F9D800F44092 /* XCRemoteSwiftPackageReference "swift-composable-architecture" */;
			productName = ComposableArchitecture;
		};
		C7C3A1D32A00682D00E83E67 /* SCAPIClient */ = {
			isa = XCSwiftPackageProductDependency;
			productName = SCAPIClient;
		};
		C7C3A1D52A00682D00E83E67 /* SCDomain */ = {
			isa = XCSwiftPackageProductDependency;
			productName = SCDomain;
		};
/* End XCSwiftPackageProductDependency section */
	};
	rootObject = C74C4F1B29BCFC75000872C8 /* Project object */;
}
